// !$*UTF8*$!
{
	archiveVersion = 1;
	classes = {
	};
	objectVersion = 56;
	objects = {

/* Begin PBXBuildFile section */
		0D4226AB29AD9C6400616A00 /* AppDelegate.m in Sources */ = {isa = PBXBuildFile; fileRef = 0D4226AA29AD9C6400616A00 /* AppDelegate.m */; };
		0D4226AE29AD9C6400616A00 /* SceneDelegate.m in Sources */ = {isa = PBXBuildFile; fileRef = 0D4226AD29AD9C6400616A00 /* SceneDelegate.m */; };
		0D4226B129AD9C6400616A00 /* ViewController.m in Sources */ = {isa = PBXBuildFile; fileRef = 0D4226B029AD9C6400616A00 /* ViewController.m */; };
		0D4226B429AD9C6400616A00 /* Main.storyboard in Resources */ = {isa = PBXBuildFile; fileRef = 0D4226B229AD9C6400616A00 /* Main.storyboard */; };
		0D4226B629AD9C6500616A00 /* Assets.xcassets in Resources */ = {isa = PBXBuildFile; fileRef = 0D4226B529AD9C6500616A00 /* Assets.xcassets */; };
		0D4226B929AD9C6500616A00 /* LaunchScreen.storyboard in Resources */ = {isa = PBXBuildFile; fileRef = 0D4226B729AD9C6500616A00 /* LaunchScreen.storyboard */; };
		0D4226BC29AD9C6500616A00 /* main.m in Sources */ = {isa = PBXBuildFile; fileRef = 0D4226BB29AD9C6500616A00 /* main.m */; };
		0DA0F55529ADDCA700FACF10 /* App.xcframework in Embed Frameworks */ = {isa = PBXBuildFile; fileRef = 0DA0F55329ADDC9600FACF10 /* App.xcframework */; settings = {ATTRIBUTES = (CodeSignOnCopy, RemoveHeadersOnCopy, ); }; };
		0DA0F55629ADDCA700FACF10 /* Flutter.xcframework in Embed Frameworks */ = {isa = PBXBuildFile; fileRef = 0DA0F55429ADDC9600FACF10 /* Flutter.xcframework */; settings = {ATTRIBUTES = (CodeSignOnCopy, RemoveHeadersOnCopy, ); }; };
		0DA0F55729ADDCB000FACF10 /* Flutter.xcframework in Frameworks */ = {isa = PBXBuildFile; fileRef = 0DA0F55429ADDC9600FACF10 /* Flutter.xcframework */; };
		0DA0F55829ADDCB300FACF10 /* App.xcframework in Frameworks */ = {isa = PBXBuildFile; fileRef = 0DA0F55329ADDC9600FACF10 /* App.xcframework */; };
/* End PBXBuildFile section */

/* Begin PBXCopyFilesBuildPhase section */
		0D4226CA29AD9D8700616A00 /* Embed Frameworks */ = {
			isa = PBXCopyFilesBuildPhase;
			buildActionMask = 2147483647;
			dstPath = "";
			dstSubfolderSpec = 10;
			files = (
				0DA0F55529ADDCA700FACF10 /* App.xcframework in Embed Frameworks */,
				0DA0F55629ADDCA700FACF10 /* Flutter.xcframework in Embed Frameworks */,
			);
			name = "Embed Frameworks";
			runOnlyForDeploymentPostprocessing = 0;
		};
/* End PBXCopyFilesBuildPhase section */

/* Begin PBXFileReference section */
		0D4226A629AD9C6400616A00 /* flutterFrameworkToiOS.app */ = {isa = PBXFileReference; explicitFileType = wrapper.application; includeInIndex = 0; path = flutterFrameworkToiOS.app; sourceTree = BUILT_PRODUCTS_DIR; };
		0D4226A929AD9C6400616A00 /* AppDelegate.h */ = {isa = PBXFileReference; lastKnownFileType = sourcecode.c.h; path = AppDelegate.h; sourceTree = "<group>"; };
		0D4226AA29AD9C6400616A00 /* AppDelegate.m */ = {isa = PBXFileReference; lastKnownFileType = sourcecode.c.objc; path = AppDelegate.m; sourceTree = "<group>"; };
		0D4226AC29AD9C6400616A00 /* SceneDelegate.h */ = {isa = PBXFileReference; lastKnownFileType = sourcecode.c.h; path = SceneDelegate.h; sourceTree = "<group>"; };
		0D4226AD29AD9C6400616A00 /* SceneDelegate.m */ = {isa = PBXFileReference; lastKnownFileType = sourcecode.c.objc; path = SceneDelegate.m; sourceTree = "<group>"; };
		0D4226AF29AD9C6400616A00 /* ViewController.h */ = {isa = PBXFileReference; lastKnownFileType = sourcecode.c.h; path = ViewController.h; sourceTree = "<group>"; };
		0D4226B029AD9C6400616A00 /* ViewController.m */ = {isa = PBXFileReference; lastKnownFileType = sourcecode.c.objc; path = ViewController.m; sourceTree = "<group>"; };
		0D4226B329AD9C6400616A00 /* Base */ = {isa = PBXFileReference; lastKnownFileType = file.storyboard; name = Base; path = Base.lproj/Main.storyboard; sourceTree = "<group>"; };
		0D4226B529AD9C6500616A00 /* Assets.xcassets */ = {isa = PBXFileReference; lastKnownFileType = folder.assetcatalog; path = Assets.xcassets; sourceTree = "<group>"; };
		0D4226B829AD9C6500616A00 /* Base */ = {isa = PBXFileReference; lastKnownFileType = file.storyboard; name = Base; path = Base.lproj/LaunchScreen.storyboard; sourceTree = "<group>"; };
		0D4226BA29AD9C6500616A00 /* Info.plist */ = {isa = PBXFileReference; lastKnownFileType = text.plist.xml; path = Info.plist; sourceTree = "<group>"; };
		0D4226BB29AD9C6500616A00 /* main.m */ = {isa = PBXFileReference; lastKnownFileType = sourcecode.c.objc; path = main.m; sourceTree = "<group>"; };
		0DA0F55329ADDC9600FACF10 /* App.xcframework */ = {isa = PBXFileReference; lastKnownFileType = wrapper.xcframework; path = App.xcframework; sourceTree = "<group>"; };
		0DA0F55429ADDC9600FACF10 /* Flutter.xcframework */ = {isa = PBXFileReference; lastKnownFileType = wrapper.xcframework; path = Flutter.xcframework; sourceTree = "<group>"; };
/* End PBXFileReference section */

/* Begin PBXFrameworksBuildPhase section */
		0D4226A329AD9C6400616A00 /* Frameworks */ = {
			isa = PBXFrameworksBuildPhase;
			buildActionMask = 2147483647;
			files = (
				0DA0F55829ADDCB300FACF10 /* App.xcframework in Frameworks */,
				0DA0F55729ADDCB000FACF10 /* Flutter.xcframework in Frameworks */,
			);
			runOnlyForDeploymentPostprocessing = 0;
		};
/* End PBXFrameworksBuildPhase section */

/* Begin PBXGroup section */
		0D42269D29AD9C6400616A00 = {
			isa = PBXGroup;
			children = (
				0D4226A829AD9C6400616A00 /* flutterFrameworkToiOS */,
				0D4226A729AD9C6400616A00 /* Products */,
				0DA0F55129ADDC9600FACF10 /* Frameworks */,
			);
			sourceTree = "<group>";
		};
		0D4226A729AD9C6400616A00 /* Products */ = {
			isa = PBXGroup;
			children = (
				0D4226A629AD9C6400616A00 /* flutterFrameworkToiOS.app */,
			);
			name = Products;
			sourceTree = "<group>";
		};
		0D4226A829AD9C6400616A00 /* flutterFrameworkToiOS */ = {
			isa = PBXGroup;
			children = (
				0D4226A929AD9C6400616A00 /* AppDelegate.h */,
				0D4226AA29AD9C6400616A00 /* AppDelegate.m */,
				0D4226AC29AD9C6400616A00 /* SceneDelegate.h */,
				0D4226AD29AD9C6400616A00 /* SceneDelegate.m */,
				0D4226AF29AD9C6400616A00 /* ViewController.h */,
				0D4226B029AD9C6400616A00 /* ViewController.m */,
				0D4226B229AD9C6400616A00 /* Main.storyboard */,
				0D4226B529AD9C6500616A00 /* Assets.xcassets */,
				0D4226B729AD9C6500616A00 /* LaunchScreen.storyboard */,
				0D4226BA29AD9C6500616A00 /* Info.plist */,
				0D4226BB29AD9C6500616A00 /* main.m */,
			);
			path = flutterFrameworkToiOS;
			sourceTree = "<group>";
		};
		0DA0F55129ADDC9600FACF10 /* Frameworks */ = {
			isa = PBXGroup;
			children = (
				0DA0F55229ADDC9600FACF10 /* Debug */,
			);
			name = Frameworks;
			sourceTree = "<group>";
		};
		0DA0F55229ADDC9600FACF10 /* Debug */ = {
			isa = PBXGroup;
			children = (
				0DA0F55329ADDC9600FACF10 /* App.xcframework */,
				0DA0F55429ADDC9600FACF10 /* Flutter.xcframework */,
			);
			name = Debug;
			path = ../../Flutter/applications/my_app/frameworks/Debug;
			sourceTree = "<group>";
		};
/* End PBXGroup section */

/* Begin PBXNativeTarget section */
		0D4226A529AD9C6400616A00 /* flutterFrameworkToiOS */ = {
			isa = PBXNativeTarget;
			buildConfigurationList = 0D4226BF29AD9C6500616A00 /* Build configuration list for PBXNativeTarget "flutterFrameworkToiOS" */;
			buildPhases = (
				0D4226A229AD9C6400616A00 /* Sources */,
				0D4226A329AD9C6400616A00 /* Frameworks */,
				0D4226A429AD9C6400616A00 /* Resources */,
				0D4226CA29AD9D8700616A00 /* Embed Frameworks */,
			);
			buildRules = (
			);
			dependencies = (
			);
			name = flutterFrameworkToiOS;
			productName = flutterFrameworkToiOS;
			productReference = 0D4226A629AD9C6400616A00 /* flutterFrameworkToiOS.app */;
			productType = "com.apple.product-type.application";
		};
/* End PBXNativeTarget section */

/* Begin PBXProject section */
		0D42269E29AD9C6400616A00 /* Project object */ = {
			isa = PBXProject;
			attributes = {
				BuildIndependentTargetsInParallel = 1;
				LastUpgradeCheck = 1420;
				TargetAttributes = {
					0D4226A529AD9C6400616A00 = {
						CreatedOnToolsVersion = 14.2;
					};
				};
			};
			buildConfigurationList = 0D4226A129AD9C6400616A00 /* Build configuration list for PBXProject "flutterFrameworkToiOS" */;
			compatibilityVersion = "Xcode 14.0";
			developmentRegion = en;
			hasScannedForEncodings = 0;
			knownRegions = (
				en,
				Base,
			);
			mainGroup = 0D42269D29AD9C6400616A00;
			productRefGroup = 0D4226A729AD9C6400616A00 /* Products */;
			projectDirPath = "";
			projectRoot = "";
			targets = (
				0D4226A529AD9C6400616A00 /* flutterFrameworkToiOS */,
			);
		};
/* End PBXProject section */

/* Begin PBXResourcesBuildPhase section */
		0D4226A429AD9C6400616A00 /* Resources */ = {
			isa = PBXResourcesBuildPhase;
			buildActionMask = 2147483647;
			files = (
				0D4226B929AD9C6500616A00 /* LaunchScreen.storyboard in Resources */,
				0D4226B629AD9C6500616A00 /* Assets.xcassets in Resources */,
				0D4226B429AD9C6400616A00 /* Main.storyboard in Resources */,
			);
			runOnlyForDeploymentPostprocessing = 0;
		};
/* End PBXResourcesBuildPhase section */

/* Begin PBXSourcesBuildPhase section */
		0D4226A229AD9C6400616A00 /* Sources */ = {
			isa = PBXSourcesBuildPhase;
			buildActionMask = 2147483647;
			files = (
				0D4226B129AD9C6400616A00 /* ViewController.m in Sources */,
				0D4226AB29AD9C6400616A00 /* AppDelegate.m in Sources */,
				0D4226BC29AD9C6500616A00 /* main.m in Sources */,
				0D4226AE29AD9C6400616A00 /* SceneDelegate.m in Sources */,
			);
			runOnlyForDeploymentPostprocessing = 0;
		};
/* End PBXSourcesBuildPhase section */

/* Begin PBXVariantGroup section */
		0D4226B229AD9C6400616A00 /* Main.storyboard */ = {
			isa = PBXVariantGroup;
			children = (
				0D4226B329AD9C6400616A00 /* Base */,
			);
			name = Main.storyboard;
			sourceTree = "<group>";
		};
		0D4226B729AD9C6500616A00 /* LaunchScreen.storyboard */ = {
			isa = PBXVariantGroup;
			children = (
				0D4226B829AD9C6500616A00 /* Base */,
			);
			name = LaunchScreen.storyboard;
			sourceTree = "<group>";
		};
/* End PBXVariantGroup section */

/* Begin XCBuildConfiguration section */
		0D4226BD29AD9C6500616A00 /* Debug */ = {
			isa = XCBuildConfiguration;
			buildSettings = {
				ALWAYS_SEARCH_USER_PATHS = NO;
				CLANG_ANALYZER_NONNULL = YES;
				CLANG_ANALYZER_NUMBER_OBJECT_CONVERSION = YES_AGGRESSIVE;
				CLANG_CXX_LANGUAGE_STANDARD = "gnu++20";
				CLANG_ENABLE_MODULES = YES;
				CLANG_ENABLE_OBJC_ARC = YES;
				CLANG_ENABLE_OBJC_WEAK = YES;
				CLANG_WARN_BLOCK_CAPTURE_AUTORELEASING = YES;
				CLANG_WARN_BOOL_CONVERSION = YES;
				CLANG_WARN_COMMA = YES;
				CLANG_WARN_CONSTANT_CONVERSION = YES;
				CLANG_WARN_DEPRECATED_OBJC_IMPLEMENTATIONS = YES;
				CLANG_WARN_DIRECT_OBJC_ISA_USAGE = YES_ERROR;
				CLANG_WARN_DOCUMENTATION_COMMENTS = YES;
				CLANG_WARN_EMPTY_BODY = YES;
				CLANG_WARN_ENUM_CONVERSION = YES;
				CLANG_WARN_INFINITE_RECURSION = YES;
				CLANG_WARN_INT_CONVERSION = YES;
				CLANG_WARN_NON_LITERAL_NULL_CONVERSION = YES;
				CLANG_WARN_OBJC_IMPLICIT_RETAIN_SELF = YES;
				CLANG_WARN_OBJC_LITERAL_CONVERSION = YES;
				CLANG_WARN_OBJC_ROOT_CLASS = YES_ERROR;
				CLANG_WARN_QUOTED_INCLUDE_IN_FRAMEWORK_HEADER = YES;
				CLANG_WARN_RANGE_LOOP_ANALYSIS = YES;
				CLANG_WARN_STRICT_PROTOTYPES = YES;
				CLANG_WARN_SUSPICIOUS_MOVE = YES;
				CLANG_WARN_UNGUARDED_AVAILABILITY = YES_AGGRESSIVE;
				CLANG_WARN_UNREACHABLE_CODE = YES;
				CLANG_WARN__DUPLICATE_METHOD_MATCH = YES;
				COPY_PHASE_STRIP = NO;
				DEBUG_INFORMATION_FORMAT = dwarf;
				ENABLE_STRICT_OBJC_MSGSEND = YES;
				ENABLE_TESTABILITY = YES;
				GCC_C_LANGUAGE_STANDARD = gnu11;
				GCC_DYNAMIC_NO_PIC = NO;
				GCC_NO_COMMON_BLOCKS = YES;
				GCC_OPTIMIZATION_LEVEL = 0;
				GCC_PREPROCESSOR_DEFINITIONS = (
					"DEBUG=1",
					"$(inherited)",
				);
				GCC_WARN_64_TO_32_BIT_CONVERSION = YES;
				GCC_WARN_ABOUT_RETURN_TYPE = YES_ERROR;
				GCC_WARN_UNDECLARED_SELECTOR = YES;
				GCC_WARN_UNINITIALIZED_AUTOS = YES_AGGRESSIVE;
				GCC_WARN_UNUSED_FUNCTION = YES;
				GCC_WARN_UNUSED_VARIABLE = YES;
				IPHONEOS_DEPLOYMENT_TARGET = 16.2;
				MTL_ENABLE_DEBUG_INFO = INCLUDE_SOURCE;
				MTL_FAST_MATH = YES;
				ONLY_ACTIVE_ARCH = YES;
				SDKROOT = iphoneos;
			};
			name = Debug;
		};
		0D4226BE29AD9C6500616A00 /* Release */ = {
			isa = XCBuildConfiguration;
			buildSettings = {
				ALWAYS_SEARCH_USER_PATHS = NO;
				CLANG_ANALYZER_NONNULL = YES;
				CLANG_ANALYZER_NUMBER_OBJECT_CONVERSION = YES_AGGRESSIVE;
				CLANG_CXX_LANGUAGE_STANDARD = "gnu++20";
				CLANG_ENABLE_MODULES = YES;
				CLANG_ENABLE_OBJC_ARC = YES;
				CLANG_ENABLE_OBJC_WEAK = YES;
				CLANG_WARN_BLOCK_CAPTURE_AUTORELEASING = YES;
				CLANG_WARN_BOOL_CONVERSION = YES;
				CLANG_WARN_COMMA = YES;
				CLANG_WARN_CONSTANT_CONVERSION = YES;
				CLANG_WARN_DEPRECATED_OBJC_IMPLEMENTATIONS = YES;
				CLANG_WARN_DIRECT_OBJC_ISA_USAGE = YES_ERROR;
				CLANG_WARN_DOCUMENTATION_COMMENTS = YES;
				CLANG_WARN_EMPTY_BODY = YES;
				CLANG_WARN_ENUM_CONVERSION = YES;
				CLANG_WARN_INFINITE_RECURSION = YES;
				CLANG_WARN_INT_CONVERSION = YES;
				CLANG_WARN_NON_LITERAL_NULL_CONVERSION = YES;
				CLANG_WARN_OBJC_IMPLICIT_RETAIN_SELF = YES;
				CLANG_WARN_OBJC_LITERAL_CONVERSION = YES;
				CLANG_WARN_OBJC_ROOT_CLASS = YES_ERROR;
				CLANG_WARN_QUOTED_INCLUDE_IN_FRAMEWORK_HEADER = YES;
				CLANG_WARN_RANGE_LOOP_ANALYSIS = YES;
				CLANG_WARN_STRICT_PROTOTYPES = YES;
				CLANG_WARN_SUSPICIOUS_MOVE = YES;
				CLANG_WARN_UNGUARDED_AVAILABILITY = YES_AGGRESSIVE;
				CLANG_WARN_UNREACHABLE_CODE = YES;
				CLANG_WARN__DUPLICATE_METHOD_MATCH = YES;
				COPY_PHASE_STRIP = NO;
				DEBUG_INFORMATION_FORMAT = "dwarf-with-dsym";
				ENABLE_NS_ASSERTIONS = NO;
				ENABLE_STRICT_OBJC_MSGSEND = YES;
				GCC_C_LANGUAGE_STANDARD = gnu11;
				GCC_NO_COMMON_BLOCKS = YES;
				GCC_WARN_64_TO_32_BIT_CONVERSION = YES;
				GCC_WARN_ABOUT_RETURN_TYPE = YES_ERROR;
				GCC_WARN_UNDECLARED_SELECTOR = YES;
				GCC_WARN_UNINITIALIZED_AUTOS = YES_AGGRESSIVE;
				GCC_WARN_UNUSED_FUNCTION = YES;
				GCC_WARN_UNUSED_VARIABLE = YES;
				IPHONEOS_DEPLOYMENT_TARGET = 16.2;
				MTL_ENABLE_DEBUG_INFO = NO;
				MTL_FAST_MATH = YES;
				SDKROOT = iphoneos;
				VALIDATE_PRODUCT = YES;
			};
			name = Release;
		};
		0D4226C029AD9C6500616A00 /* Debug */ = {
			isa = XCBuildConfiguration;
			buildSettings = {
				ASSETCATALOG_COMPILER_APPICON_NAME = AppIcon;
				ASSETCATALOG_COMPILER_GLOBAL_ACCENT_COLOR_NAME = AccentColor;
				CODE_SIGN_STYLE = Automatic;
				CURRENT_PROJECT_VERSION = 1;
				FRAMEWORK_SEARCH_PATHS = "$(PROJECT_DIR)/Frameworks/Debug";
				GENERATE_INFOPLIST_FILE = YES;
				INFOPLIST_FILE = flutterFrameworkToiOS/Info.plist;
				INFOPLIST_KEY_UIApplicationSupportsIndirectInputEvents = YES;
				INFOPLIST_KEY_UILaunchStoryboardName = LaunchScreen;
				INFOPLIST_KEY_UIMainStoryboardFile = Main;
				INFOPLIST_KEY_UISupportedInterfaceOrientations_iPad = "UIInterfaceOrientationPortrait UIInterfaceOrientationPortraitUpsideDown UIInterfaceOrientationLandscapeLeft UIInterfaceOrientationLandscapeRight";
				INFOPLIST_KEY_UISupportedInterfaceOrientations_iPhone = "UIInterfaceOrientationPortrait UIInterfaceOrientationLandscapeLeft UIInterfaceOrientationLandscapeRight";
				LD_RUNPATH_SEARCH_PATHS = "";
				MARKETING_VERSION = 1.0;
				PRODUCT_BUNDLE_IDENTIFIER = com.ygw.flutterFrameworkToiOS;
				PRODUCT_NAME = "$(TARGET_NAME)";
				SWIFT_EMIT_LOC_STRINGS = YES;
				TARGETED_DEVICE_FAMILY = "1,2";
			};
			name = Debug;
		};
		0D4226C129AD9C6500616A00 /* Release */ = {
			isa = XCBuildConfiguration;
			buildSettings = {
				ASSETCATALOG_COMPILER_APPICON_NAME = AppIcon;
				ASSETCATALOG_COMPILER_GLOBAL_ACCENT_COLOR_NAME = AccentColor;
				CODE_SIGN_STYLE = Automatic;
				CURRENT_PROJECT_VERSION = 1;
				FRAMEWORK_SEARCH_PATHS = "$(PROJECT_DIR)/Frameworks/Debug";
				GENERATE_INFOPLIST_FILE = YES;
				INFOPLIST_FILE = flutterFrameworkToiOS/Info.plist;
				INFOPLIST_KEY_UIApplicationSupportsIndirectInputEvents = YES;
				INFOPLIST_KEY_UILaunchStoryboardName = LaunchScreen;
				INFOPLIST_KEY_UIMainStoryboardFile = Main;
				INFOPLIST_KEY_UISupportedInterfaceOrientations_iPad = "UIInterfaceOrientationPortrait UIInterfaceOrientationPortraitUpsideDown UIInterfaceOrientationLandscapeLeft UIInterfaceOrientationLandscapeRight";
				INFOPLIST_KEY_UISupportedInterfaceOrientations_iPhone = "UIInterfaceOrientationPortrait UIInterfaceOrientationLandscapeLeft UIInterfaceOrientationLandscapeRight";
				LD_RUNPATH_SEARCH_PATHS = "";
				MARKETING_VERSION = 1.0;
				PRODUCT_BUNDLE_IDENTIFIER = com.ygw.flutterFrameworkToiOS;
				PRODUCT_NAME = "$(TARGET_NAME)";
				SWIFT_EMIT_LOC_STRINGS = YES;
				TARGETED_DEVICE_FAMILY = "1,2";
			};
			name = Release;
		};
/* End XCBuildConfiguration section */

/* Begin XCConfigurationList section */
		0D4226A129AD9C6400616A00 /* Build configuration list for PBXProject "flutterFrameworkToiOS" */ = {
			isa = XCConfigurationList;
			buildConfigurations = (
				0D4226BD29AD9C6500616A00 /* Debug */,
				0D4226BE29AD9C6500616A00 /* Release */,
			);
			defaultConfigurationIsVisible = 0;
			defaultConfigurationName = Release;
		};
		0D4226BF29AD9C6500616A00 /* Build configuration list for PBXNativeTarget "flutterFrameworkToiOS" */ = {
			isa = XCConfigurationList;
			buildConfigurations = (
				0D4226C029AD9C6500616A00 /* Debug */,
				0D4226C129AD9C6500616A00 /* Release */,
			);
			defaultConfigurationIsVisible = 0;
			defaultConfigurationName = Release;
		};
/* End XCConfigurationList section */
	};
	rootObject = 0D42269E29AD9C6400616A00 /* Project object */;
}
